
Microsoft Visual Studio Solution File, Format Version 12.00
# Visual Studio Version 17
VisualStudioVersion = 17.8.34511.84
MinimumVisualStudioVersion = 10.0.40219.1
Project("{FAE04EC0-301F-11D3-BF4B-00C04F79EFBC}") = "C5_VariablesYConstantes", "Ejemplos24\C5_VariablesYConstantes.csproj", "{9D9DE334-4C88-4571-AAC7-28A11EE22857}"
EndProject
Project("{FAE04EC0-301F-11D3-BF4B-00C04F79EFBC}") = "C5_BOOL", "C5_BOOL\C5_BOOL.csproj", "{8D84662E-5FDA-477E-9055-06CC75154DEF}"
EndProject
Project("{FAE04EC0-301F-11D3-BF4B-00C04F79EFBC}") = "C5_NUMEROS", "C5_NUMEROS\C5_NUMEROS.csproj", "{B4F8FC42-D8BA-40DE-821B-BFFB13EDD878}"
EndProject
Project("{FAE04EC0-301F-11D3-BF4B-00C04F79EFBC}") = "C5_ENUM", "C5_ENUM\C5_ENUM.csproj", "{F8984D61-357E-441A-8357-2781E115BC7F}"
EndProject
Project("{FAE04EC0-301F-11D3-BF4B-00C04F79EFBC}") = "C5_STRUCT", "C5_STRUCT\C5_STRUCT.csproj", "{944FD801-26D6-4843-8BCF-96E5AB2FA21F}"
EndProject
Project("{FAE04EC0-301F-11D3-BF4B-00C04F79EFBC}") = "C5_STRING", "C5_STRING\C5_STRING.csproj", "{F72A9F43-05A0-4D77-A33F-6ACEB2D92064}"
EndProject
Project("{FAE04EC0-301F-11D3-BF4B-00C04F79EFBC}") = "C7_EC_IF", "C7_EC_IF\C7_EC_IF.csproj", "{48CB5759-044C-444F-BD65-6F7C2FB943B3}"
EndProject
Project("{FAE04EC0-301F-11D3-BF4B-00C04F79EFBC}") = "C7_EC_SWITCH", "C7_EC_SWITCH\C7_EC_SWITCH.csproj", "{4BBD9A49-1405-42D1-9F15-95E6B6C3733B}"
EndProject
Project("{FAE04EC0-301F-11D3-BF4B-00C04F79EFBC}") = "C7_EC_LOOPS", "C7_EC_LOOPS\C7_EC_LOOPS.csproj", "{08B9A438-D26E-42C9-9FAA-9923B16C41BF}"
EndProject
Project("{FAE04EC0-301F-11D3-BF4B-00C04F79EFBC}") = "C7_ED_ARRAY", "C7_ED_ARRAY\C7_ED_ARRAY.csproj", "{8B404C1D-D6BF-45AF-A9D4-BEBD32430CCE}"
EndProject
Project("{FAE04EC0-301F-11D3-BF4B-00C04F79EFBC}") = "C7_ED_JAGGED_ARRAY", "C7_ED_JAGGED_ARRAY\C7_ED_JAGGED_ARRAY.csproj", "{81617421-0CE1-4F1F-B8FC-BC0A8943485B}"
EndProject
Project("{FAE04EC0-301F-11D3-BF4B-00C04F79EFBC}") = "C7_ED_QUEUE", "C7_ED_QUEUE\C7_ED_QUEUE.csproj", "{5B7CA282-B936-4CD4-AE93-9B4DCAF55598}"
EndProject
Project("{FAE04EC0-301F-11D3-BF4B-00C04F79EFBC}") = "C7_ED_STACK", "C7_ED_STACK\C7_ED_STACK.csproj", "{567FF6CC-E9CE-4F25-939C-A7C339765415}"
EndProject
Project("{FAE04EC0-301F-11D3-BF4B-00C04F79EFBC}") = "C7_ED_LIST", "C7_ED_LIST\C7_ED_LIST.csproj", "{A306C87F-AF54-42E0-8878-2FDEEC46917B}"
EndProject
Project("{FAE04EC0-301F-11D3-BF4B-00C04F79EFBC}") = "C8_CLASES", "C8_CLASES\C8_CLASES.csproj", "{E7A19594-8DCB-4092-8317-A3544339B815}"
EndProject
Project("{FAE04EC0-301F-11D3-BF4B-00C04F79EFBC}") = "C10_CLASES", "C10_CLASES\C10_CLASES.csproj", "{9DA96192-A170-4174-BB39-AA2D4A3A8816}"
EndProject
Project("{FAE04EC0-301F-11D3-BF4B-00C04F79EFBC}") = "C11_FORMS", "C11_FORMS\C11_FORMS.csproj", "{0585DC73-B844-481B-8AB1-454320FAB2E3}"
EndProject
Project("{FAE04EC0-301F-11D3-BF4B-00C04F79EFBC}") = "C12_Archivos", "C12_Archivos\C12_Archivos.csproj", "{0056731E-CDE2-4AC9-B967-1F888D88E222}"
EndProject
Project("{FAE04EC0-301F-11D3-BF4B-00C04F79EFBC}") = "C14-ConexionBD", "C14-ConexionBD\C14-ConexionBD.csproj", "{2DADCA1A-0443-4F5E-A8D2-B6D3984AA628}"
EndProject
Project("{FAE04EC0-301F-11D3-BF4B-00C04F79EFBC}") = "C14-FormBD", "C14-FormBD\C14-FormBD.csproj", "{4E1F351F-2CDF-4CAC-8CD3-399364842531}"
EndProject
Global
	GlobalSection(SolutionConfigurationPlatforms) = preSolution
		Debug|Any CPU = Debug|Any CPU
		Release|Any CPU = Release|Any CPU
	EndGlobalSection
	GlobalSection(ProjectConfigurationPlatforms) = postSolution
		{9D9DE334-4C88-4571-AAC7-28A11EE22857}.Debug|Any CPU.ActiveCfg = Debug|Any CPU
		{9D9DE334-4C88-4571-AAC7-28A11EE22857}.Debug|Any CPU.Build.0 = Debug|Any CPU
		{9D9DE334-4C88-4571-AAC7-28A11EE22857}.Release|Any CPU.ActiveCfg = Release|Any CPU
		{9D9DE334-4C88-4571-AAC7-28A11EE22857}.Release|Any CPU.Build.0 = Release|Any CPU
		{8D84662E-5FDA-477E-9055-06CC75154DEF}.Debug|Any CPU.ActiveCfg = Debug|Any CPU
		{8D84662E-5FDA-477E-9055-06CC75154DEF}.Debug|Any CPU.Build.0 = Debug|Any CPU
		{8D84662E-5FDA-477E-9055-06CC75154DEF}.Release|Any CPU.ActiveCfg = Release|Any CPU
		{8D84662E-5FDA-477E-9055-06CC75154DEF}.Release|Any CPU.Build.0 = Release|Any CPU
		{B4F8FC42-D8BA-40DE-821B-BFFB13EDD878}.Debug|Any CPU.ActiveCfg = Debug|Any CPU
		{B4F8FC42-D8BA-40DE-821B-BFFB13EDD878}.Debug|Any CPU.Build.0 = Debug|Any CPU
		{B4F8FC42-D8BA-40DE-821B-BFFB13EDD878}.Release|Any CPU.ActiveCfg = Release|Any CPU
		{B4F8FC42-D8BA-40DE-821B-BFFB13EDD878}.Release|Any CPU.Build.0 = Release|Any CPU
		{F8984D61-357E-441A-8357-2781E115BC7F}.Debug|Any CPU.ActiveCfg = Debug|Any CPU
		{F8984D61-357E-441A-8357-2781E115BC7F}.Debug|Any CPU.Build.0 = Debug|Any CPU
		{F8984D61-357E-441A-8357-2781E115BC7F}.Release|Any CPU.ActiveCfg = Release|Any CPU
		{F8984D61-357E-441A-8357-2781E115BC7F}.Release|Any CPU.Build.0 = Release|Any CPU
		{944FD801-26D6-4843-8BCF-96E5AB2FA21F}.Debug|Any CPU.ActiveCfg = Debug|Any CPU
		{944FD801-26D6-4843-8BCF-96E5AB2FA21F}.Debug|Any CPU.Build.0 = Debug|Any CPU
		{944FD801-26D6-4843-8BCF-96E5AB2FA21F}.Release|Any CPU.ActiveCfg = Release|Any CPU
		{944FD801-26D6-4843-8BCF-96E5AB2FA21F}.Release|Any CPU.Build.0 = Release|Any CPU
		{F72A9F43-05A0-4D77-A33F-6ACEB2D92064}.Debug|Any CPU.ActiveCfg = Debug|Any CPU
		{F72A9F43-05A0-4D77-A33F-6ACEB2D92064}.Debug|Any CPU.Build.0 = Debug|Any CPU
		{F72A9F43-05A0-4D77-A33F-6ACEB2D92064}.Release|Any CPU.ActiveCfg = Release|Any CPU
		{F72A9F43-05A0-4D77-A33F-6ACEB2D92064}.Release|Any CPU.Build.0 = Release|Any CPU
		{48CB5759-044C-444F-BD65-6F7C2FB943B3}.Debug|Any CPU.ActiveCfg = Debug|Any CPU
		{48CB5759-044C-444F-BD65-6F7C2FB943B3}.Debug|Any CPU.Build.0 = Debug|Any CPU
		{48CB5759-044C-444F-BD65-6F7C2FB943B3}.Release|Any CPU.ActiveCfg = Release|Any CPU
		{48CB5759-044C-444F-BD65-6F7C2FB943B3}.Release|Any CPU.Build.0 = Release|Any CPU
		{4BBD9A49-1405-42D1-9F15-95E6B6C3733B}.Debug|Any CPU.ActiveCfg = Debug|Any CPU
		{4BBD9A49-1405-42D1-9F15-95E6B6C3733B}.Debug|Any CPU.Build.0 = Debug|Any CPU
		{4BBD9A49-1405-42D1-9F15-95E6B6C3733B}.Release|Any CPU.ActiveCfg = Release|Any CPU
		{4BBD9A49-1405-42D1-9F15-95E6B6C3733B}.Release|Any CPU.Build.0 = Release|Any CPU
		{08B9A438-D26E-42C9-9FAA-9923B16C41BF}.Debug|Any CPU.ActiveCfg = Debug|Any CPU
		{08B9A438-D26E-42C9-9FAA-9923B16C41BF}.Debug|Any CPU.Build.0 = Debug|Any CPU
		{08B9A438-D26E-42C9-9FAA-9923B16C41BF}.Release|Any CPU.ActiveCfg = Release|Any CPU
		{08B9A438-D26E-42C9-9FAA-9923B16C41BF}.Release|Any CPU.Build.0 = Release|Any CPU
		{8B404C1D-D6BF-45AF-A9D4-BEBD32430CCE}.Debug|Any CPU.ActiveCfg = Debug|Any CPU
		{8B404C1D-D6BF-45AF-A9D4-BEBD32430CCE}.Debug|Any CPU.Build.0 = Debug|Any CPU
		{8B404C1D-D6BF-45AF-A9D4-BEBD32430CCE}.Release|Any CPU.ActiveCfg = Release|Any CPU
		{8B404C1D-D6BF-45AF-A9D4-BEBD32430CCE}.Release|Any CPU.Build.0 = Release|Any CPU
		{81617421-0CE1-4F1F-B8FC-BC0A8943485B}.Debug|Any CPU.ActiveCfg = Debug|Any CPU
		{81617421-0CE1-4F1F-B8FC-BC0A8943485B}.Debug|Any CPU.Build.0 = Debug|Any CPU
		{81617421-0CE1-4F1F-B8FC-BC0A8943485B}.Release|Any CPU.ActiveCfg = Release|Any CPU
		{81617421-0CE1-4F1F-B8FC-BC0A8943485B}.Release|Any CPU.Build.0 = Release|Any CPU
		{5B7CA282-B936-4CD4-AE93-9B4DCAF55598}.Debug|Any CPU.ActiveCfg = Debug|Any CPU
		{5B7CA282-B936-4CD4-AE93-9B4DCAF55598}.Debug|Any CPU.Build.0 = Debug|Any CPU
		{5B7CA282-B936-4CD4-AE93-9B4DCAF55598}.Release|Any CPU.ActiveCfg = Release|Any CPU
		{5B7CA282-B936-4CD4-AE93-9B4DCAF55598}.Release|Any CPU.Build.0 = Release|Any CPU
		{567FF6CC-E9CE-4F25-939C-A7C339765415}.Debug|Any CPU.ActiveCfg = Debug|Any CPU
		{567FF6CC-E9CE-4F25-939C-A7C339765415}.Debug|Any CPU.Build.0 = Debug|Any CPU
		{567FF6CC-E9CE-4F25-939C-A7C339765415}.Release|Any CPU.ActiveCfg = Release|Any CPU
		{567FF6CC-E9CE-4F25-939C-A7C339765415}.Release|Any CPU.Build.0 = Release|Any CPU
		{A306C87F-AF54-42E0-8878-2FDEEC46917B}.Debug|Any CPU.ActiveCfg = Debug|Any CPU
		{A306C87F-AF54-42E0-8878-2FDEEC46917B}.Debug|Any CPU.Build.0 = Debug|Any CPU
		{A306C87F-AF54-42E0-8878-2FDEEC46917B}.Release|Any CPU.ActiveCfg = Release|Any CPU
		{A306C87F-AF54-42E0-8878-2FDEEC46917B}.Release|Any CPU.Build.0 = Release|Any CPU
		{E7A19594-8DCB-4092-8317-A3544339B815}.Debug|Any CPU.ActiveCfg = Debug|Any CPU
		{E7A19594-8DCB-4092-8317-A3544339B815}.Debug|Any CPU.Build.0 = Debug|Any CPU
		{E7A19594-8DCB-4092-8317-A3544339B815}.Release|Any CPU.ActiveCfg = Release|Any CPU
		{E7A19594-8DCB-4092-8317-A3544339B815}.Release|Any CPU.Build.0 = Release|Any CPU
		{9DA96192-A170-4174-BB39-AA2D4A3A8816}.Debug|Any CPU.ActiveCfg = Debug|Any CPU
		{9DA96192-A170-4174-BB39-AA2D4A3A8816}.Debug|Any CPU.Build.0 = Debug|Any CPU
		{9DA96192-A170-4174-BB39-AA2D4A3A8816}.Release|Any CPU.ActiveCfg = Release|Any CPU
		{9DA96192-A170-4174-BB39-AA2D4A3A8816}.Release|Any CPU.Build.0 = Release|Any CPU
		{0585DC73-B844-481B-8AB1-454320FAB2E3}.Debug|Any CPU.ActiveCfg = Debug|Any CPU
		{0585DC73-B844-481B-8AB1-454320FAB2E3}.Debug|Any CPU.Build.0 = Debug|Any CPU
		{0585DC73-B844-481B-8AB1-454320FAB2E3}.Release|Any CPU.ActiveCfg = Release|Any CPU
		{0585DC73-B844-481B-8AB1-454320FAB2E3}.Release|Any CPU.Build.0 = Release|Any CPU
		{0056731E-CDE2-4AC9-B967-1F888D88E222}.Debug|Any CPU.ActiveCfg = Debug|Any CPU
		{0056731E-CDE2-4AC9-B967-1F888D88E222}.Debug|Any CPU.Build.0 = Debug|Any CPU
		{0056731E-CDE2-4AC9-B967-1F888D88E222}.Release|Any CPU.ActiveCfg = Release|Any CPU
		{0056731E-CDE2-4AC9-B967-1F888D88E222}.Release|Any CPU.Build.0 = Release|Any CPU
		{2DADCA1A-0443-4F5E-A8D2-B6D3984AA628}.Debug|Any CPU.ActiveCfg = Debug|Any CPU
		{2DADCA1A-0443-4F5E-A8D2-B6D3984AA628}.Debug|Any CPU.Build.0 = Debug|Any CPU
		{2DADCA1A-0443-4F5E-A8D2-B6D3984AA628}.Release|Any CPU.ActiveCfg = Release|Any CPU
		{2DADCA1A-0443-4F5E-A8D2-B6D3984AA628}.Release|Any CPU.Build.0 = Release|Any CPU
		{4E1F351F-2CDF-4CAC-8CD3-399364842531}.Debug|Any CPU.ActiveCfg = Debug|Any CPU
		{4E1F351F-2CDF-4CAC-8CD3-399364842531}.Debug|Any CPU.Build.0 = Debug|Any CPU
		{4E1F351F-2CDF-4CAC-8CD3-399364842531}.Release|Any CPU.ActiveCfg = Release|Any CPU
		{4E1F351F-2CDF-4CAC-8CD3-399364842531}.Release|Any CPU.Build.0 = Release|Any CPU
	EndGlobalSection
	GlobalSection(SolutionProperties) = preSolution
		HideSolutionNode = FALSE
	EndGlobalSection
	GlobalSection(ExtensibilityGlobals) = postSolution
		SolutionGuid = {49D05AAE-9F19-4796-A228-EE1F8D8290C7}
	EndGlobalSection
EndGlobal
